// !$*UTF8*$!
{
	archiveVersion = 1;
	classes = {
	};
	objectVersion = 46;
	objects = {

/* Begin PBXBuildFile section */
		1907FB831C659A420039D01B /* class.cpp in Sources */ = {isa = PBXBuildFile; fileRef = 1907FB711C659A420039D01B /* class.cpp */; };
		1907FB841C659A420039D01B /* class_info.cpp in Sources */ = {isa = PBXBuildFile; fileRef = 1907FB721C659A420039D01B /* class_info.cpp */; };
		1907FB851C659A420039D01B /* class_registry.cpp in Sources */ = {isa = PBXBuildFile; fileRef = 1907FB731C659A420039D01B /* class_registry.cpp */; };
		1907FB861C659A420039D01B /* class_rep.cpp in Sources */ = {isa = PBXBuildFile; fileRef = 1907FB741C659A420039D01B /* class_rep.cpp */; };
		1907FB871C659A420039D01B /* create_class.cpp in Sources */ = {isa = PBXBuildFile; fileRef = 1907FB751C659A420039D01B /* create_class.cpp */; };
		1907FB881C659A420039D01B /* error.cpp in Sources */ = {isa = PBXBuildFile; fileRef = 1907FB761C659A420039D01B /* error.cpp */; };
		1907FB891C659A420039D01B /* exception_handler.cpp in Sources */ = {isa = PBXBuildFile; fileRef = 1907FB771C659A420039D01B /* exception_handler.cpp */; };
		1907FB8A1C659A420039D01B /* function.cpp in Sources */ = {isa = PBXBuildFile; fileRef = 1907FB781C659A420039D01B /* function.cpp */; };
		1907FB8B1C659A420039D01B /* inheritance.cpp in Sources */ = {isa = PBXBuildFile; fileRef = 1907FB791C659A420039D01B /* inheritance.cpp */; };
		1907FB8C1C659A420039D01B /* link_compatibility.cpp in Sources */ = {isa = PBXBuildFile; fileRef = 1907FB7A1C659A420039D01B /* link_compatibility.cpp */; };
		1907FB8D1C659A420039D01B /* object_rep.cpp in Sources */ = {isa = PBXBuildFile; fileRef = 1907FB7B1C659A420039D01B /* object_rep.cpp */; };
		1907FB8E1C659A420039D01B /* open.cpp in Sources */ = {isa = PBXBuildFile; fileRef = 1907FB7C1C659A420039D01B /* open.cpp */; };
		1907FB8F1C659A420039D01B /* pcall.cpp in Sources */ = {isa = PBXBuildFile; fileRef = 1907FB7D1C659A420039D01B /* pcall.cpp */; };
		1907FB901C659A420039D01B /* scope.cpp in Sources */ = {isa = PBXBuildFile; fileRef = 1907FB7E1C659A420039D01B /* scope.cpp */; };
		1907FB911C659A420039D01B /* stack_content_by_name.cpp in Sources */ = {isa = PBXBuildFile; fileRef = 1907FB7F1C659A420039D01B /* stack_content_by_name.cpp */; };
		1907FB921C659A420039D01B /* weak_ref.cpp in Sources */ = {isa = PBXBuildFile; fileRef = 1907FB801C659A420039D01B /* weak_ref.cpp */; };
		1907FB931C659A420039D01B /* wrapper_base.cpp in Sources */ = {isa = PBXBuildFile; fileRef = 1907FB811C659A420039D01B /* wrapper_base.cpp */; };
		1907FB941C659A420039D01B /* scriptutil.h in Headers */ = {isa = PBXBuildFile; fileRef = 1907FB821C659A420039D01B /* scriptutil.h */; };
		1907FB9A1C659A5B0039D01B /* loadedtext.h in Headers */ = {isa = PBXBuildFile; fileRef = 1907FB951C659A5B0039D01B /* loadedtext.h */; };
		1907FB9B1C659A5B0039D01B /* shaderloader.cpp in Sources */ = {isa = PBXBuildFile; fileRef = 1907FB971C659A5B0039D01B /* shaderloader.cpp */; };
		1907FB9C1C659A5B0039D01B /* shaderloader.h in Headers */ = {isa = PBXBuildFile; fileRef = 1907FB981C659A5B0039D01B /* shaderloader.h */; };
		1907FB9D1C659A5B0039D01B /* textfileloader.h in Headers */ = {isa = PBXBuildFile; fileRef = 1907FB991C659A5B0039D01B /* textfileloader.h */; };
		1907FBA01C659C780039D01B /* shaderlib.cpp in Sources */ = {isa = PBXBuildFile; fileRef = 1907FB9E1C659C780039D01B /* shaderlib.cpp */; };
		1907FBA11C659C780039D01B /* shaderlib.h in Headers */ = {isa = PBXBuildFile; fileRef = 1907FB9F1C659C780039D01B /* shaderlib.h */; };
		1920E1951C55863A0087D330 /* shadermanager.cpp in Sources */ = {isa = PBXBuildFile; fileRef = 1920E1931C55863A0087D330 /* shadermanager.cpp */; };
		1920E1961C55863A0087D330 /* shadermanager.h in Headers */ = {isa = PBXBuildFile; fileRef = 1920E1941C55863A0087D330 /* shadermanager.h */; };
		1920E19B1C55864F0087D330 /* node.h in Headers */ = {isa = PBXBuildFile; fileRef = 1920E1981C55864F0087D330 /* node.h */; };
		1920E19C1C55864F0087D330 /* scene.h in Headers */ = {isa = PBXBuildFile; fileRef = 1920E1991C55864F0087D330 /* scene.h */; };
		1920E19D1C55864F0087D330 /* spatial.h in Headers */ = {isa = PBXBuildFile; fileRef = 1920E19A1C55864F0087D330 /* spatial.h */; };
		1920E1A51C55867F0087D330 /* assetloader.h in Headers */ = {isa = PBXBuildFile; fileRef = 1920E19F1C55867F0087D330 /* assetloader.h */; };
		1920E1A61C55867F0087D330 /* assetmanager.cpp in Sources */ = {isa = PBXBuildFile; fileRef = 1920E1A01C55867F0087D330 /* assetmanager.cpp */; };
		1920E1A71C55867F0087D330 /* assetmanager.h in Headers */ = {isa = PBXBuildFile; fileRef = 1920E1A11C55867F0087D330 /* assetmanager.h */; };
		1920E1A91C55867F0087D330 /* stb_image.h in Headers */ = {isa = PBXBuildFile; fileRef = 1920E1A41C55867F0087D330 /* stb_image.h */; };
		1920E1AB1C55892A0087D330 /* boundingbox.cpp in Sources */ = {isa = PBXBuildFile; fileRef = 1920E1AA1C55892A0087D330 /* boundingbox.cpp */; };
		1920E1AF1C5589590087D330 /* texture.cpp in Sources */ = {isa = PBXBuildFile; fileRef = 1920E1AC1C5589590087D330 /* texture.cpp */; };
		1920E1B01C5589590087D330 /* texture2d.cpp in Sources */ = {isa = PBXBuildFile; fileRef = 1920E1AD1C5589590087D330 /* texture2d.cpp */; };
		1920E1B11C5589590087D330 /* texture2d.h in Headers */ = {isa = PBXBuildFile; fileRef = 1920E1AE1C5589590087D330 /* texture2d.h */; };
		192B26781C604D4000F532C7 /* perspective_camera.h in Headers */ = {isa = PBXBuildFile; fileRef = 192B26771C604D4000F532C7 /* perspective_camera.h */; };
		192B267B1C604D6700F532C7 /* textureloader.cpp in Sources */ = {isa = PBXBuildFile; fileRef = 192B26791C604D6700F532C7 /* textureloader.cpp */; };
		192B267C1C604D6700F532C7 /* textureloader.h in Headers */ = {isa = PBXBuildFile; fileRef = 192B267A1C604D6700F532C7 /* textureloader.h */; };
		192B267E1C604D7000F532C7 /* objloader.cpp in Sources */ = {isa = PBXBuildFile; fileRef = 192B267D1C604D7000F532C7 /* objloader.cpp */; };
		192B26811C604D8100F532C7 /* node.cpp in Sources */ = {isa = PBXBuildFile; fileRef = 192B267F1C604D8100F532C7 /* node.cpp */; };
		192B26821C604D8100F532C7 /* spatial.cpp in Sources */ = {isa = PBXBuildFile; fileRef = 192B26801C604D8100F532C7 /* spatial.cpp */; };
		192B26861C604F9000F532C7 /* matrix_util.cpp in Sources */ = {isa = PBXBuildFile; fileRef = 192B26851C604F9000F532C7 /* matrix_util.cpp */; };
		192B26921C60503E00F532C7 /* logutil.cpp in Sources */ = {isa = PBXBuildFile; fileRef = 192B268F1C60503E00F532C7 /* logutil.cpp */; };
		192B26931C60503E00F532C7 /* logutil.h in Headers */ = {isa = PBXBuildFile; fileRef = 192B26901C60503E00F532C7 /* logutil.h */; };
		192B26941C60503E00F532C7 /* strutil.h in Headers */ = {isa = PBXBuildFile; fileRef = 192B26911C60503E00F532C7 /* strutil.h */; };
		1961673F1C599FC900D54BF8 /* engine.h in Headers */ = {isa = PBXBuildFile; fileRef = 1961673E1C599FC900D54BF8 /* engine.h */; };
		196167441C599FFB00D54BF8 /* assetinfo.h in Headers */ = {isa = PBXBuildFile; fileRef = 196167401C599FFB00D54BF8 /* assetinfo.h */; };
		196167451C599FFB00D54BF8 /* loadableobject.h in Headers */ = {isa = PBXBuildFile; fileRef = 196167411C599FFB00D54BF8 /* loadableobject.h */; };
		196167461C599FFB00D54BF8 /* objloader.h in Headers */ = {isa = PBXBuildFile; fileRef = 196167431C599FFB00D54BF8 /* objloader.h */; };
		196167491C59A01400D54BF8 /* geometry.cpp in Sources */ = {isa = PBXBuildFile; fileRef = 196167471C59A01400D54BF8 /* geometry.cpp */; };
		1961674A1C59A01400D54BF8 /* geometry.h in Headers */ = {isa = PBXBuildFile; fileRef = 196167481C59A01400D54BF8 /* geometry.h */; };
		196FC3281C4D8E7300F9AEC4 /* apexmath.h in Headers */ = {isa = PBXBuildFile; fileRef = 196FC2FE1C4D8E7300F9AEC4 /* apexmath.h */; };
		196FC3291C4D8E7300F9AEC4 /* boundingbox.h in Headers */ = {isa = PBXBuildFile; fileRef = 196FC2FF1C4D8E7300F9AEC4 /* boundingbox.h */; };
		196FC32A1C4D8E7300F9AEC4 /* math_util.cpp in Sources */ = {isa = PBXBuildFile; fileRef = 196FC3001C4D8E7300F9AEC4 /* math_util.cpp */; };
		196FC32B1C4D8E7300F9AEC4 /* math_util.h in Headers */ = {isa = PBXBuildFile; fileRef = 196FC3011C4D8E7300F9AEC4 /* math_util.h */; };
		196FC32C1C4D8E7300F9AEC4 /* matrix4f.h in Headers */ = {isa = PBXBuildFile; fileRef = 196FC3021C4D8E7300F9AEC4 /* matrix4f.h */; };
		196FC32D1C4D8E7300F9AEC4 /* matrix_util.h in Headers */ = {isa = PBXBuildFile; fileRef = 196FC3031C4D8E7300F9AEC4 /* matrix_util.h */; };
		196FC32E1C4D8E7300F9AEC4 /* quaternion.h in Headers */ = {isa = PBXBuildFile; fileRef = 196FC3041C4D8E7300F9AEC4 /* quaternion.h */; };
		196FC32F1C4D8E7300F9AEC4 /* ray.h in Headers */ = {isa = PBXBuildFile; fileRef = 196FC3051C4D8E7300F9AEC4 /* ray.h */; };
		196FC3301C4D8E7300F9AEC4 /* transform.h in Headers */ = {isa = PBXBuildFile; fileRef = 196FC3061C4D8E7300F9AEC4 /* transform.h */; };
		196FC3311C4D8E7300F9AEC4 /* vector2f.cpp in Sources */ = {isa = PBXBuildFile; fileRef = 196FC3071C4D8E7300F9AEC4 /* vector2f.cpp */; };
		196FC3321C4D8E7300F9AEC4 /* vector2f.h in Headers */ = {isa = PBXBuildFile; fileRef = 196FC3081C4D8E7300F9AEC4 /* vector2f.h */; };
		196FC3331C4D8E7300F9AEC4 /* vector3f.cpp in Sources */ = {isa = PBXBuildFile; fileRef = 196FC3091C4D8E7300F9AEC4 /* vector3f.cpp */; };
		196FC3341C4D8E7300F9AEC4 /* vector3f.h in Headers */ = {isa = PBXBuildFile; fileRef = 196FC30A1C4D8E7300F9AEC4 /* vector3f.h */; };
		196FC3351C4D8E7300F9AEC4 /* vector4f.cpp in Sources */ = {isa = PBXBuildFile; fileRef = 196FC30B1C4D8E7300F9AEC4 /* vector4f.cpp */; };
		196FC3361C4D8E7300F9AEC4 /* vector4f.h in Headers */ = {isa = PBXBuildFile; fileRef = 196FC30C1C4D8E7300F9AEC4 /* vector4f.h */; };
		196FC3691C4D8FBE00F9AEC4 /* camera.h in Headers */ = {isa = PBXBuildFile; fileRef = 196FC3501C4D8FBE00F9AEC4 /* camera.h */; };
		196FC36A1C4D8FBE00F9AEC4 /* constants.h in Headers */ = {isa = PBXBuildFile; fileRef = 196FC3511C4D8FBE00F9AEC4 /* constants.h */; };
		196FC36B1C4D8FBE00F9AEC4 /* enums.h in Headers */ = {isa = PBXBuildFile; fileRef = 196FC3521C4D8FBE00F9AEC4 /* enums.h */; };
		196FC36C1C4D8FBE00F9AEC4 /* environment.h in Headers */ = {isa = PBXBuildFile; fileRef = 196FC3531C4D8FBE00F9AEC4 /* environment.h */; };
		196FC36D1C4D8FBE00F9AEC4 /* game.h in Headers */ = {isa = PBXBuildFile; fileRef = 196FC3541C4D8FBE00F9AEC4 /* game.h */; };
		196FC36E1C4D8FBE00F9AEC4 /* lightsource.h in Headers */ = {isa = PBXBuildFile; fileRef = 196FC3561C4D8FBE00F9AEC4 /* lightsource.h */; };
		196FC36F1C4D8FBE00F9AEC4 /* pointlight.cpp in Sources */ = {isa = PBXBuildFile; fileRef = 196FC3571C4D8FBE00F9AEC4 /* pointlight.cpp */; };
		196FC3701C4D8FBE00F9AEC4 /* pointlight.h in Headers */ = {isa = PBXBuildFile; fileRef = 196FC3581C4D8FBE00F9AEC4 /* pointlight.h */; };
		196FC3711C4D8FBE00F9AEC4 /* material.cpp in Sources */ = {isa = PBXBuildFile; fileRef = 196FC3591C4D8FBE00F9AEC4 /* material.cpp */; };
		196FC3721C4D8FBE00F9AEC4 /* material.h in Headers */ = {isa = PBXBuildFile; fileRef = 196FC35A1C4D8FBE00F9AEC4 /* material.h */; };
		196FC3731C4D8FBE00F9AEC4 /* mesh.cpp in Sources */ = {isa = PBXBuildFile; fileRef = 196FC35B1C4D8FBE00F9AEC4 /* mesh.cpp */; };
		196FC3741C4D8FBE00F9AEC4 /* mesh.h in Headers */ = {isa = PBXBuildFile; fileRef = 196FC35C1C4D8FBE00F9AEC4 /* mesh.h */; };
		196FC3751C4D8FBE00F9AEC4 /* mesh_util.h in Headers */ = {isa = PBXBuildFile; fileRef = 196FC35D1C4D8FBE00F9AEC4 /* mesh_util.h */; };
		196FC3771C4D8FBE00F9AEC4 /* rendermanager.cpp in Sources */ = {isa = PBXBuildFile; fileRef = 196FC35F1C4D8FBE00F9AEC4 /* rendermanager.cpp */; };
		196FC3781C4D8FBE00F9AEC4 /* rendermanager.h in Headers */ = {isa = PBXBuildFile; fileRef = 196FC3601C4D8FBE00F9AEC4 /* rendermanager.h */; };
		196FC3791C4D8FBE00F9AEC4 /* shader.cpp in Sources */ = {isa = PBXBuildFile; fileRef = 196FC3611C4D8FBE00F9AEC4 /* shader.cpp */; };
		196FC37A1C4D8FBE00F9AEC4 /* shader.h in Headers */ = {isa = PBXBuildFile; fileRef = 196FC3621C4D8FBE00F9AEC4 /* shader.h */; };
		196FC37B1C4D8FBE00F9AEC4 /* shader_util.h in Headers */ = {isa = PBXBuildFile; fileRef = 196FC3631C4D8FBE00F9AEC4 /* shader_util.h */; };
		196FC37C1C4D8FBE00F9AEC4 /* texture.h in Headers */ = {isa = PBXBuildFile; fileRef = 196FC3641C4D8FBE00F9AEC4 /* texture.h */; };
		196FC37E1C4D8FBE00F9AEC4 /* vertex.h in Headers */ = {isa = PBXBuildFile; fileRef = 196FC3661C4D8FBE00F9AEC4 /* vertex.h */; };
		196FC37F1C4D8FBE00F9AEC4 /* vertexattributes.cpp in Sources */ = {isa = PBXBuildFile; fileRef = 196FC3671C4D8FBE00F9AEC4 /* vertexattributes.cpp */; };
		196FC3801C4D8FBE00F9AEC4 /* vertexattributes.h in Headers */ = {isa = PBXBuildFile; fileRef = 196FC3681C4D8FBE00F9AEC4 /* vertexattributes.h */; };
		19825E4C1C506E31007A68B7 /* liblua53.dylib in Frameworks */ = {isa = PBXBuildFile; fileRef = 19825E4A1C506E30007A68B7 /* liblua53.dylib */; };
		19EEB6511C59991C00449333 /* object.h in Headers */ = {isa = PBXBuildFile; fileRef = 19EEB6501C59991C00449333 /* object.h */; };
/* End PBXBuildFile section */

/* Begin PBXFileReference section */
		1907FB711C659A420039D01B /* class.cpp */ = {isa = PBXFileReference; fileEncoding = 4; lastKnownFileType = sourcecode.cpp.cpp; path = class.cpp; sourceTree = "<group>"; };
		1907FB721C659A420039D01B /* class_info.cpp */ = {isa = PBXFileReference; fileEncoding = 4; lastKnownFileType = sourcecode.cpp.cpp; path = class_info.cpp; sourceTree = "<group>"; };
		1907FB731C659A420039D01B /* class_registry.cpp */ = {isa = PBXFileReference; fileEncoding = 4; lastKnownFileType = sourcecode.cpp.cpp; path = class_registry.cpp; sourceTree = "<group>"; };
		1907FB741C659A420039D01B /* class_rep.cpp */ = {isa = PBXFileReference; fileEncoding = 4; lastKnownFileType = sourcecode.cpp.cpp; path = class_rep.cpp; sourceTree = "<group>"; };
		1907FB751C659A420039D01B /* create_class.cpp */ = {isa = PBXFileReference; fileEncoding = 4; lastKnownFileType = sourcecode.cpp.cpp; path = create_class.cpp; sourceTree = "<group>"; };
		1907FB761C659A420039D01B /* error.cpp */ = {isa = PBXFileReference; fileEncoding = 4; lastKnownFileType = sourcecode.cpp.cpp; path = error.cpp; sourceTree = "<group>"; };
		1907FB771C659A420039D01B /* exception_handler.cpp */ = {isa = PBXFileReference; fileEncoding = 4; lastKnownFileType = sourcecode.cpp.cpp; path = exception_handler.cpp; sourceTree = "<group>"; };
		1907FB781C659A420039D01B /* function.cpp */ = {isa = PBXFileReference; fileEncoding = 4; lastKnownFileType = sourcecode.cpp.cpp; path = function.cpp; sourceTree = "<group>"; };
		1907FB791C659A420039D01B /* inheritance.cpp */ = {isa = PBXFileReference; fileEncoding = 4; lastKnownFileType = sourcecode.cpp.cpp; path = inheritance.cpp; sourceTree = "<group>"; };
		1907FB7A1C659A420039D01B /* link_compatibility.cpp */ = {isa = PBXFileReference; fileEncoding = 4; lastKnownFileType = sourcecode.cpp.cpp; path = link_compatibility.cpp; sourceTree = "<group>"; };
		1907FB7B1C659A420039D01B /* object_rep.cpp */ = {isa = PBXFileReference; fileEncoding = 4; lastKnownFileType = sourcecode.cpp.cpp; path = object_rep.cpp; sourceTree = "<group>"; };
		1907FB7C1C659A420039D01B /* open.cpp */ = {isa = PBXFileReference; fileEncoding = 4; lastKnownFileType = sourcecode.cpp.cpp; path = open.cpp; sourceTree = "<group>"; };
		1907FB7D1C659A420039D01B /* pcall.cpp */ = {isa = PBXFileReference; fileEncoding = 4; lastKnownFileType = sourcecode.cpp.cpp; path = pcall.cpp; sourceTree = "<group>"; };
		1907FB7E1C659A420039D01B /* scope.cpp */ = {isa = PBXFileReference; fileEncoding = 4; lastKnownFileType = sourcecode.cpp.cpp; path = scope.cpp; sourceTree = "<group>"; };
		1907FB7F1C659A420039D01B /* stack_content_by_name.cpp */ = {isa = PBXFileReference; fileEncoding = 4; lastKnownFileType = sourcecode.cpp.cpp; path = stack_content_by_name.cpp; sourceTree = "<group>"; };
		1907FB801C659A420039D01B /* weak_ref.cpp */ = {isa = PBXFileReference; fileEncoding = 4; lastKnownFileType = sourcecode.cpp.cpp; path = weak_ref.cpp; sourceTree = "<group>"; };
		1907FB811C659A420039D01B /* wrapper_base.cpp */ = {isa = PBXFileReference; fileEncoding = 4; lastKnownFileType = sourcecode.cpp.cpp; path = wrapper_base.cpp; sourceTree = "<group>"; };
		1907FB821C659A420039D01B /* scriptutil.h */ = {isa = PBXFileReference; fileEncoding = 4; lastKnownFileType = sourcecode.c.h; path = scriptutil.h; sourceTree = "<group>"; };
		1907FB951C659A5B0039D01B /* loadedtext.h */ = {isa = PBXFileReference; fileEncoding = 4; lastKnownFileType = sourcecode.c.h; path = loadedtext.h; sourceTree = "<group>"; };
		1907FB971C659A5B0039D01B /* shaderloader.cpp */ = {isa = PBXFileReference; fileEncoding = 4; lastKnownFileType = sourcecode.cpp.cpp; path = shaderloader.cpp; sourceTree = "<group>"; };
		1907FB981C659A5B0039D01B /* shaderloader.h */ = {isa = PBXFileReference; fileEncoding = 4; lastKnownFileType = sourcecode.c.h; path = shaderloader.h; sourceTree = "<group>"; };
		1907FB991C659A5B0039D01B /* textfileloader.h */ = {isa = PBXFileReference; fileEncoding = 4; lastKnownFileType = sourcecode.c.h; path = textfileloader.h; sourceTree = "<group>"; };
		1907FB9E1C659C780039D01B /* shaderlib.cpp */ = {isa = PBXFileReference; fileEncoding = 4; lastKnownFileType = sourcecode.cpp.cpp; path = shaderlib.cpp; sourceTree = "<group>"; };
		1907FB9F1C659C780039D01B /* shaderlib.h */ = {isa = PBXFileReference; fileEncoding = 4; lastKnownFileType = sourcecode.c.h; path = shaderlib.h; sourceTree = "<group>"; };
		1920E1931C55863A0087D330 /* shadermanager.cpp */ = {isa = PBXFileReference; fileEncoding = 4; lastKnownFileType = sourcecode.cpp.cpp; path = shadermanager.cpp; sourceTree = "<group>"; };
		1920E1941C55863A0087D330 /* shadermanager.h */ = {isa = PBXFileReference; fileEncoding = 4; lastKnownFileType = sourcecode.c.h; path = shadermanager.h; sourceTree = "<group>"; };
		1920E1981C55864F0087D330 /* node.h */ = {isa = PBXFileReference; fileEncoding = 4; lastKnownFileType = sourcecode.c.h; path = node.h; sourceTree = "<group>"; };
		1920E1991C55864F0087D330 /* scene.h */ = {isa = PBXFileReference; fileEncoding = 4; lastKnownFileType = sourcecode.c.h; path = scene.h; sourceTree = "<group>"; };
		1920E19A1C55864F0087D330 /* spatial.h */ = {isa = PBXFileReference; fileEncoding = 4; lastKnownFileType = sourcecode.c.h; path = spatial.h; sourceTree = "<group>"; };
		1920E19F1C55867F0087D330 /* assetloader.h */ = {isa = PBXFileReference; fileEncoding = 4; lastKnownFileType = sourcecode.c.h; path = assetloader.h; sourceTree = "<group>"; };
		1920E1A01C55867F0087D330 /* assetmanager.cpp */ = {isa = PBXFileReference; fileEncoding = 4; lastKnownFileType = sourcecode.cpp.cpp; path = assetmanager.cpp; sourceTree = "<group>"; };
		1920E1A11C55867F0087D330 /* assetmanager.h */ = {isa = PBXFileReference; fileEncoding = 4; lastKnownFileType = sourcecode.c.h; path = assetmanager.h; sourceTree = "<group>"; };
		1920E1A41C55867F0087D330 /* stb_image.h */ = {isa = PBXFileReference; fileEncoding = 4; lastKnownFileType = sourcecode.c.h; path = stb_image.h; sourceTree = "<group>"; };
		1920E1AA1C55892A0087D330 /* boundingbox.cpp */ = {isa = PBXFileReference; fileEncoding = 4; lastKnownFileType = sourcecode.cpp.cpp; path = boundingbox.cpp; sourceTree = "<group>"; };
		1920E1AC1C5589590087D330 /* texture.cpp */ = {isa = PBXFileReference; fileEncoding = 4; lastKnownFileType = sourcecode.cpp.cpp; path = texture.cpp; sourceTree = "<group>"; };
		1920E1AD1C5589590087D330 /* texture2d.cpp */ = {isa = PBXFileReference; fileEncoding = 4; lastKnownFileType = sourcecode.cpp.cpp; path = texture2d.cpp; sourceTree = "<group>"; };
		1920E1AE1C5589590087D330 /* texture2d.h */ = {isa = PBXFileReference; fileEncoding = 4; lastKnownFileType = sourcecode.c.h; path = texture2d.h; sourceTree = "<group>"; };
		192B26771C604D4000F532C7 /* perspective_camera.h */ = {isa = PBXFileReference; fileEncoding = 4; lastKnownFileType = sourcecode.c.h; path = perspective_camera.h; sourceTree = "<group>"; };
		192B26791C604D6700F532C7 /* textureloader.cpp */ = {isa = PBXFileReference; fileEncoding = 4; lastKnownFileType = sourcecode.cpp.cpp; path = textureloader.cpp; sourceTree = "<group>"; };
		192B267A1C604D6700F532C7 /* textureloader.h */ = {isa = PBXFileReference; fileEncoding = 4; lastKnownFileType = sourcecode.c.h; path = textureloader.h; sourceTree = "<group>"; };
		192B267D1C604D7000F532C7 /* objloader.cpp */ = {isa = PBXFileReference; fileEncoding = 4; lastKnownFileType = sourcecode.cpp.cpp; path = objloader.cpp; sourceTree = "<group>"; };
		192B267F1C604D8100F532C7 /* node.cpp */ = {isa = PBXFileReference; fileEncoding = 4; lastKnownFileType = sourcecode.cpp.cpp; path = node.cpp; sourceTree = "<group>"; };
		192B26801C604D8100F532C7 /* spatial.cpp */ = {isa = PBXFileReference; fileEncoding = 4; lastKnownFileType = sourcecode.cpp.cpp; path = spatial.cpp; sourceTree = "<group>"; };
		192B26851C604F9000F532C7 /* matrix_util.cpp */ = {isa = PBXFileReference; fileEncoding = 4; lastKnownFileType = sourcecode.cpp.cpp; path = matrix_util.cpp; sourceTree = "<group>"; };
		192B268F1C60503E00F532C7 /* logutil.cpp */ = {isa = PBXFileReference; fileEncoding = 4; lastKnownFileType = sourcecode.cpp.cpp; path = logutil.cpp; sourceTree = "<group>"; };
		192B26901C60503E00F532C7 /* logutil.h */ = {isa = PBXFileReference; fileEncoding = 4; lastKnownFileType = sourcecode.c.h; path = logutil.h; sourceTree = "<group>"; };
		192B26911C60503E00F532C7 /* strutil.h */ = {isa = PBXFileReference; fileEncoding = 4; lastKnownFileType = sourcecode.c.h; path = strutil.h; sourceTree = "<group>"; };
		1961673E1C599FC900D54BF8 /* engine.h */ = {isa = PBXFileReference; fileEncoding = 4; lastKnownFileType = sourcecode.c.h; path = engine.h; sourceTree = "<group>"; };
		196167401C599FFB00D54BF8 /* assetinfo.h */ = {isa = PBXFileReference; fileEncoding = 4; lastKnownFileType = sourcecode.c.h; path = assetinfo.h; sourceTree = "<group>"; };
		196167411C599FFB00D54BF8 /* loadableobject.h */ = {isa = PBXFileReference; fileEncoding = 4; lastKnownFileType = sourcecode.c.h; path = loadableobject.h; sourceTree = "<group>"; };
		196167431C599FFB00D54BF8 /* objloader.h */ = {isa = PBXFileReference; fileEncoding = 4; lastKnownFileType = sourcecode.c.h; path = objloader.h; sourceTree = "<group>"; };
		196167471C59A01400D54BF8 /* geometry.cpp */ = {isa = PBXFileReference; fileEncoding = 4; lastKnownFileType = sourcecode.cpp.cpp; path = geometry.cpp; sourceTree = "<group>"; };
		196167481C59A01400D54BF8 /* geometry.h */ = {isa = PBXFileReference; fileEncoding = 4; lastKnownFileType = sourcecode.c.h; path = geometry.h; sourceTree = "<group>"; };
		196FC2EA1C4D8E5B00F9AEC4 /* libapexengine.a */ = {isa = PBXFileReference; explicitFileType = archive.ar; includeInIndex = 0; path = libapexengine.a; sourceTree = BUILT_PRODUCTS_DIR; };
		196FC2FE1C4D8E7300F9AEC4 /* apexmath.h */ = {isa = PBXFileReference; fileEncoding = 4; lastKnownFileType = sourcecode.c.h; path = apexmath.h; sourceTree = "<group>"; };
		196FC2FF1C4D8E7300F9AEC4 /* boundingbox.h */ = {isa = PBXFileReference; fileEncoding = 4; lastKnownFileType = sourcecode.c.h; path = boundingbox.h; sourceTree = "<group>"; };
		196FC3001C4D8E7300F9AEC4 /* math_util.cpp */ = {isa = PBXFileReference; fileEncoding = 4; lastKnownFileType = sourcecode.cpp.cpp; path = math_util.cpp; sourceTree = "<group>"; };
		196FC3011C4D8E7300F9AEC4 /* math_util.h */ = {isa = PBXFileReference; fileEncoding = 4; lastKnownFileType = sourcecode.c.h; path = math_util.h; sourceTree = "<group>"; };
		196FC3021C4D8E7300F9AEC4 /* matrix4f.h */ = {isa = PBXFileReference; fileEncoding = 4; lastKnownFileType = sourcecode.c.h; path = matrix4f.h; sourceTree = "<group>"; };
		196FC3031C4D8E7300F9AEC4 /* matrix_util.h */ = {isa = PBXFileReference; fileEncoding = 4; lastKnownFileType = sourcecode.c.h; path = matrix_util.h; sourceTree = "<group>"; };
		196FC3041C4D8E7300F9AEC4 /* quaternion.h */ = {isa = PBXFileReference; fileEncoding = 4; lastKnownFileType = sourcecode.c.h; path = quaternion.h; sourceTree = "<group>"; };
		196FC3051C4D8E7300F9AEC4 /* ray.h */ = {isa = PBXFileReference; fileEncoding = 4; lastKnownFileType = sourcecode.c.h; path = ray.h; sourceTree = "<group>"; };
		196FC3061C4D8E7300F9AEC4 /* transform.h */ = {isa = PBXFileReference; fileEncoding = 4; lastKnownFileType = sourcecode.c.h; path = transform.h; sourceTree = "<group>"; };
		196FC3071C4D8E7300F9AEC4 /* vector2f.cpp */ = {isa = PBXFileReference; fileEncoding = 4; lastKnownFileType = sourcecode.cpp.cpp; path = vector2f.cpp; sourceTree = "<group>"; };
		196FC3081C4D8E7300F9AEC4 /* vector2f.h */ = {isa = PBXFileReference; fileEncoding = 4; lastKnownFileType = sourcecode.c.h; path = vector2f.h; sourceTree = "<group>"; };
		196FC3091C4D8E7300F9AEC4 /* vector3f.cpp */ = {isa = PBXFileReference; fileEncoding = 4; lastKnownFileType = sourcecode.cpp.cpp; path = vector3f.cpp; sourceTree = "<group>"; };
		196FC30A1C4D8E7300F9AEC4 /* vector3f.h */ = {isa = PBXFileReference; fileEncoding = 4; lastKnownFileType = sourcecode.c.h; path = vector3f.h; sourceTree = "<group>"; };
		196FC30B1C4D8E7300F9AEC4 /* vector4f.cpp */ = {isa = PBXFileReference; fileEncoding = 4; lastKnownFileType = sourcecode.cpp.cpp; path = vector4f.cpp; sourceTree = "<group>"; };
		196FC30C1C4D8E7300F9AEC4 /* vector4f.h */ = {isa = PBXFileReference; fileEncoding = 4; lastKnownFileType = sourcecode.c.h; path = vector4f.h; sourceTree = "<group>"; };
		196FC3501C4D8FBE00F9AEC4 /* camera.h */ = {isa = PBXFileReference; fileEncoding = 4; lastKnownFileType = sourcecode.c.h; path = camera.h; sourceTree = "<group>"; };
		196FC3511C4D8FBE00F9AEC4 /* constants.h */ = {isa = PBXFileReference; fileEncoding = 4; lastKnownFileType = sourcecode.c.h; path = constants.h; sourceTree = "<group>"; };
		196FC3521C4D8FBE00F9AEC4 /* enums.h */ = {isa = PBXFileReference; fileEncoding = 4; lastKnownFileType = sourcecode.c.h; path = enums.h; sourceTree = "<group>"; };
		196FC3531C4D8FBE00F9AEC4 /* environment.h */ = {isa = PBXFileReference; fileEncoding = 4; lastKnownFileType = sourcecode.c.h; path = environment.h; sourceTree = "<group>"; };
		196FC3541C4D8FBE00F9AEC4 /* game.h */ = {isa = PBXFileReference; fileEncoding = 4; lastKnownFileType = sourcecode.c.h; path = game.h; sourceTree = "<group>"; };
		196FC3561C4D8FBE00F9AEC4 /* lightsource.h */ = {isa = PBXFileReference; fileEncoding = 4; lastKnownFileType = sourcecode.c.h; path = lightsource.h; sourceTree = "<group>"; };
		196FC3571C4D8FBE00F9AEC4 /* pointlight.cpp */ = {isa = PBXFileReference; fileEncoding = 4; lastKnownFileType = sourcecode.cpp.cpp; path = pointlight.cpp; sourceTree = "<group>"; };
		196FC3581C4D8FBE00F9AEC4 /* pointlight.h */ = {isa = PBXFileReference; fileEncoding = 4; lastKnownFileType = sourcecode.c.h; path = pointlight.h; sourceTree = "<group>"; };
		196FC3591C4D8FBE00F9AEC4 /* material.cpp */ = {isa = PBXFileReference; fileEncoding = 4; lastKnownFileType = sourcecode.cpp.cpp; path = material.cpp; sourceTree = "<group>"; };
		196FC35A1C4D8FBE00F9AEC4 /* material.h */ = {isa = PBXFileReference; fileEncoding = 4; lastKnownFileType = sourcecode.c.h; path = material.h; sourceTree = "<group>"; };
		196FC35B1C4D8FBE00F9AEC4 /* mesh.cpp */ = {isa = PBXFileReference; fileEncoding = 4; lastKnownFileType = sourcecode.cpp.cpp; path = mesh.cpp; sourceTree = "<group>"; };
		196FC35C1C4D8FBE00F9AEC4 /* mesh.h */ = {isa = PBXFileReference; fileEncoding = 4; lastKnownFileType = sourcecode.c.h; path = mesh.h; sourceTree = "<group>"; };
		196FC35D1C4D8FBE00F9AEC4 /* mesh_util.h */ = {isa = PBXFileReference; fileEncoding = 4; lastKnownFileType = sourcecode.c.h; path = mesh_util.h; sourceTree = "<group>"; };
		196FC35F1C4D8FBE00F9AEC4 /* rendermanager.cpp */ = {isa = PBXFileReference; fileEncoding = 4; lastKnownFileType = sourcecode.cpp.cpp; path = rendermanager.cpp; sourceTree = "<group>"; };
		196FC3601C4D8FBE00F9AEC4 /* rendermanager.h */ = {isa = PBXFileReference; fileEncoding = 4; lastKnownFileType = sourcecode.c.h; path = rendermanager.h; sourceTree = "<group>"; };
		196FC3611C4D8FBE00F9AEC4 /* shader.cpp */ = {isa = PBXFileReference; fileEncoding = 4; lastKnownFileType = sourcecode.cpp.cpp; path = shader.cpp; sourceTree = "<group>"; };
		196FC3621C4D8FBE00F9AEC4 /* shader.h */ = {isa = PBXFileReference; fileEncoding = 4; lastKnownFileType = sourcecode.c.h; path = shader.h; sourceTree = "<group>"; };
		196FC3631C4D8FBE00F9AEC4 /* shader_util.h */ = {isa = PBXFileReference; fileEncoding = 4; lastKnownFileType = sourcecode.c.h; path = shader_util.h; sourceTree = "<group>"; };
		196FC3641C4D8FBE00F9AEC4 /* texture.h */ = {isa = PBXFileReference; fileEncoding = 4; lastKnownFileType = sourcecode.c.h; path = texture.h; sourceTree = "<group>"; };
		196FC3661C4D8FBE00F9AEC4 /* vertex.h */ = {isa = PBXFileReference; fileEncoding = 4; lastKnownFileType = sourcecode.c.h; path = vertex.h; sourceTree = "<group>"; };
		196FC3671C4D8FBE00F9AEC4 /* vertexattributes.cpp */ = {isa = PBXFileReference; fileEncoding = 4; lastKnownFileType = sourcecode.cpp.cpp; path = vertexattributes.cpp; sourceTree = "<group>"; };
		196FC3681C4D8FBE00F9AEC4 /* vertexattributes.h */ = {isa = PBXFileReference; fileEncoding = 4; lastKnownFileType = sourcecode.c.h; path = vertexattributes.h; sourceTree = "<group>"; };
		19825E4A1C506E30007A68B7 /* liblua53.dylib */ = {isa = PBXFileReference; lastKnownFileType = "compiled.mach-o.dylib"; name = liblua53.dylib; path = ../../libs/osx/liblua53.dylib; sourceTree = "<group>"; };
		19EEB6501C59991C00449333 /* object.h */ = {isa = PBXFileReference; fileEncoding = 4; lastKnownFileType = sourcecode.c.h; path = object.h; sourceTree = "<group>"; };
/* End PBXFileReference section */

/* Begin PBXFrameworksBuildPhase section */
		196FC2E71C4D8E5B00F9AEC4 /* Frameworks */ = {
			isa = PBXFrameworksBuildPhase;
			buildActionMask = 2147483647;
			files = (
				19825E4C1C506E31007A68B7 /* liblua53.dylib in Frameworks */,
			);
			runOnlyForDeploymentPostprocessing = 0;
		};
/* End PBXFrameworksBuildPhase section */

/* Begin PBXGroup section */
		1907FB6F1C659A420039D01B /* scripting */ = {
			isa = PBXGroup;
			children = (
				1907FB701C659A420039D01B /* luabind */,
				1907FB821C659A420039D01B /* scriptutil.h */,
			);
			path = scripting;
			sourceTree = "<group>";
		};
		1907FB701C659A420039D01B /* luabind */ = {
			isa = PBXGroup;
			children = (
				1907FB711C659A420039D01B /* class.cpp */,
				1907FB721C659A420039D01B /* class_info.cpp */,
				1907FB731C659A420039D01B /* class_registry.cpp */,
				1907FB741C659A420039D01B /* class_rep.cpp */,
				1907FB751C659A420039D01B /* create_class.cpp */,
				1907FB761C659A420039D01B /* error.cpp */,
				1907FB771C659A420039D01B /* exception_handler.cpp */,
				1907FB781C659A420039D01B /* function.cpp */,
				1907FB791C659A420039D01B /* inheritance.cpp */,
				1907FB7A1C659A420039D01B /* link_compatibility.cpp */,
				1907FB7B1C659A420039D01B /* object_rep.cpp */,
				1907FB7C1C659A420039D01B /* open.cpp */,
				1907FB7D1C659A420039D01B /* pcall.cpp */,
				1907FB7E1C659A420039D01B /* scope.cpp */,
				1907FB7F1C659A420039D01B /* stack_content_by_name.cpp */,
				1907FB801C659A420039D01B /* weak_ref.cpp */,
				1907FB811C659A420039D01B /* wrapper_base.cpp */,
			);
			path = luabind;
			sourceTree = "<group>";
		};
		1907FB961C659A5B0039D01B /* shaderloader */ = {
			isa = PBXGroup;
			children = (
				1907FB971C659A5B0039D01B /* shaderloader.cpp */,
				1907FB981C659A5B0039D01B /* shaderloader.h */,
			);
			path = shaderloader;
			sourceTree = "<group>";
		};
		1920E1971C55864F0087D330 /* scene */ = {
			isa = PBXGroup;
			children = (
				196167471C59A01400D54BF8 /* geometry.cpp */,
				196167481C59A01400D54BF8 /* geometry.h */,
				192B267F1C604D8100F532C7 /* node.cpp */,
				192B26801C604D8100F532C7 /* spatial.cpp */,
				1920E1981C55864F0087D330 /* node.h */,
				1920E1991C55864F0087D330 /* scene.h */,
				1920E19A1C55864F0087D330 /* spatial.h */,
			);
			path = scene;
			sourceTree = "<group>";
		};
		1920E19E1C55867F0087D330 /* assets */ = {
			isa = PBXGroup;
			children = (
				196167401C599FFB00D54BF8 /* assetinfo.h */,
				196167411C599FFB00D54BF8 /* loadableobject.h */,
				192B26791C604D6700F532C7 /* textureloader.cpp */,
				192B267A1C604D6700F532C7 /* textureloader.h */,
				1907FB951C659A5B0039D01B /* loadedtext.h */,
				1907FB961C659A5B0039D01B /* shaderloader */,
				1907FB991C659A5B0039D01B /* textfileloader.h */,
				196167421C599FFB00D54BF8 /* modelloaders */,
				1920E19F1C55867F0087D330 /* assetloader.h */,
				1920E1A01C55867F0087D330 /* assetmanager.cpp */,
				1920E1A11C55867F0087D330 /* assetmanager.h */,
				1920E1A31C55867F0087D330 /* util */,
			);
			path = assets;
			sourceTree = "<group>";
		};
		1920E1A31C55867F0087D330 /* util */ = {
			isa = PBXGroup;
			children = (
				1920E1A41C55867F0087D330 /* stb_image.h */,
			);
			path = util;
			sourceTree = "<group>";
		};
		192B26761C604D4000F532C7 /* cameras */ = {
			isa = PBXGroup;
			children = (
				192B26771C604D4000F532C7 /* perspective_camera.h */,
			);
			path = cameras;
			sourceTree = "<group>";
		};
		192B268E1C60503E00F532C7 /* util */ = {
			isa = PBXGroup;
			children = (
				192B268F1C60503E00F532C7 /* logutil.cpp */,
				192B26901C60503E00F532C7 /* logutil.h */,
				192B26911C60503E00F532C7 /* strutil.h */,
			);
			path = util;
			sourceTree = "<group>";
		};
		196167421C599FFB00D54BF8 /* modelloaders */ = {
			isa = PBXGroup;
			children = (
				192B267D1C604D7000F532C7 /* objloader.cpp */,
				196167431C599FFB00D54BF8 /* objloader.h */,
			);
			path = modelloaders;
			sourceTree = "<group>";
		};
		196FC2E11C4D8E5B00F9AEC4 = {
			isa = PBXGroup;
			children = (
				19825E4A1C506E30007A68B7 /* liblua53.dylib */,
				196FC2F81C4D8E7300F9AEC4 /* apex_engine */,
				196FC2EB1C4D8E5B00F9AEC4 /* Products */,
			);
			sourceTree = "<group>";
		};
		196FC2EB1C4D8E5B00F9AEC4 /* Products */ = {
			isa = PBXGroup;
			children = (
				196FC2EA1C4D8E5B00F9AEC4 /* libapexengine.a */,
			);
			name = Products;
			sourceTree = "<group>";
		};
		196FC2F81C4D8E7300F9AEC4 /* apex_engine */ = {
			isa = PBXGroup;
			children = (
				192B268E1C60503E00F532C7 /* util */,
				19EEB6501C59991C00449333 /* object.h */,
				1907FB6F1C659A420039D01B /* scripting */,
				1920E19E1C55867F0087D330 /* assets */,
				1920E1971C55864F0087D330 /* scene */,
				196FC34F1C4D8FBE00F9AEC4 /* rendering */,
				196FC2FB1C4D8E7300F9AEC4 /* audio */,
				196FC2FC1C4D8E7300F9AEC4 /* input */,
				196FC2FD1C4D8E7300F9AEC4 /* math */,
			);
			name = apex_engine;
			path = ../../src/apex_engine;
			sourceTree = "<group>";
		};
		196FC2FB1C4D8E7300F9AEC4 /* audio */ = {
			isa = PBXGroup;
			children = (
			);
			path = audio;
			sourceTree = "<group>";
		};
		196FC2FC1C4D8E7300F9AEC4 /* input */ = {
			isa = PBXGroup;
			children = (
			);
			path = input;
			sourceTree = "<group>";
		};
		196FC2FD1C4D8E7300F9AEC4 /* math */ = {
			isa = PBXGroup;
			children = (
				196FC2FE1C4D8E7300F9AEC4 /* apexmath.h */,
				196FC2FF1C4D8E7300F9AEC4 /* boundingbox.h */,
				192B26851C604F9000F532C7 /* matrix_util.cpp */,
				196FC3001C4D8E7300F9AEC4 /* math_util.cpp */,
				196FC3011C4D8E7300F9AEC4 /* math_util.h */,
				196FC3021C4D8E7300F9AEC4 /* matrix4f.h */,
				1920E1AA1C55892A0087D330 /* boundingbox.cpp */,
				196FC3031C4D8E7300F9AEC4 /* matrix_util.h */,
				196FC3041C4D8E7300F9AEC4 /* quaternion.h */,
				196FC3051C4D8E7300F9AEC4 /* ray.h */,
				196FC3061C4D8E7300F9AEC4 /* transform.h */,
				196FC3071C4D8E7300F9AEC4 /* vector2f.cpp */,
				196FC3081C4D8E7300F9AEC4 /* vector2f.h */,
				196FC3091C4D8E7300F9AEC4 /* vector3f.cpp */,
				196FC30A1C4D8E7300F9AEC4 /* vector3f.h */,
				196FC30B1C4D8E7300F9AEC4 /* vector4f.cpp */,
				196FC30C1C4D8E7300F9AEC4 /* vector4f.h */,
			);
			path = math;
			sourceTree = "<group>";
		};
		196FC34F1C4D8FBE00F9AEC4 /* rendering */ = {
			isa = PBXGroup;
			children = (
				1907FB9E1C659C780039D01B /* shaderlib.cpp */,
				1907FB9F1C659C780039D01B /* shaderlib.h */,
				192B26761C604D4000F532C7 /* cameras */,
				1920E1931C55863A0087D330 /* shadermanager.cpp */,
				1920E1941C55863A0087D330 /* shadermanager.h */,
				196FC3501C4D8FBE00F9AEC4 /* camera.h */,
				1961673E1C599FC900D54BF8 /* engine.h */,
				196FC3511C4D8FBE00F9AEC4 /* constants.h */,
				196FC3521C4D8FBE00F9AEC4 /* enums.h */,
				196FC3531C4D8FBE00F9AEC4 /* environment.h */,
				196FC3541C4D8FBE00F9AEC4 /* game.h */,
				196FC3551C4D8FBE00F9AEC4 /* light */,
				196FC3591C4D8FBE00F9AEC4 /* material.cpp */,
				196FC35A1C4D8FBE00F9AEC4 /* material.h */,
				196FC35B1C4D8FBE00F9AEC4 /* mesh.cpp */,
				196FC35C1C4D8FBE00F9AEC4 /* mesh.h */,
				196FC35D1C4D8FBE00F9AEC4 /* mesh_util.h */,
				196FC35F1C4D8FBE00F9AEC4 /* rendermanager.cpp */,
				196FC3601C4D8FBE00F9AEC4 /* rendermanager.h */,
				196FC3611C4D8FBE00F9AEC4 /* shader.cpp */,
				196FC3621C4D8FBE00F9AEC4 /* shader.h */,
				1920E1AC1C5589590087D330 /* texture.cpp */,
				1920E1AD1C5589590087D330 /* texture2d.cpp */,
				1920E1AE1C5589590087D330 /* texture2d.h */,
				196FC3631C4D8FBE00F9AEC4 /* shader_util.h */,
				196FC3641C4D8FBE00F9AEC4 /* texture.h */,
				196FC3661C4D8FBE00F9AEC4 /* vertex.h */,
				196FC3671C4D8FBE00F9AEC4 /* vertexattributes.cpp */,
				196FC3681C4D8FBE00F9AEC4 /* vertexattributes.h */,
			);
			path = rendering;
			sourceTree = "<group>";
		};
		196FC3551C4D8FBE00F9AEC4 /* light */ = {
			isa = PBXGroup;
			children = (
				196FC3561C4D8FBE00F9AEC4 /* lightsource.h */,
				196FC3571C4D8FBE00F9AEC4 /* pointlight.cpp */,
				196FC3581C4D8FBE00F9AEC4 /* pointlight.h */,
			);
			path = light;
			sourceTree = "<group>";
		};
/* End PBXGroup section */

/* Begin PBXHeadersBuildPhase section */
		196FC2E81C4D8E5B00F9AEC4 /* Headers */ = {
			isa = PBXHeadersBuildPhase;
			buildActionMask = 2147483647;
			files = (
				1907FB9D1C659A5B0039D01B /* textfileloader.h in Headers */,
				192B267C1C604D6700F532C7 /* textureloader.h in Headers */,
				196FC37E1C4D8FBE00F9AEC4 /* vertex.h in Headers */,
				1920E1A71C55867F0087D330 /* assetmanager.h in Headers */,
				196FC3781C4D8FBE00F9AEC4 /* rendermanager.h in Headers */,
				196FC32C1C4D8E7300F9AEC4 /* matrix4f.h in Headers */,
				196FC3361C4D8E7300F9AEC4 /* vector4f.h in Headers */,
				196FC37A1C4D8FBE00F9AEC4 /* shader.h in Headers */,
				1920E19B1C55864F0087D330 /* node.h in Headers */,
				196FC32D1C4D8E7300F9AEC4 /* matrix_util.h in Headers */,
				196FC36D1C4D8FBE00F9AEC4 /* game.h in Headers */,
				1907FB9A1C659A5B0039D01B /* loadedtext.h in Headers */,
				1920E1A51C55867F0087D330 /* assetloader.h in Headers */,
				196FC32B1C4D8E7300F9AEC4 /* math_util.h in Headers */,
				19EEB6511C59991C00449333 /* object.h in Headers */,
				1907FB941C659A420039D01B /* scriptutil.h in Headers */,
				192B26781C604D4000F532C7 /* perspective_camera.h in Headers */,
				1961674A1C59A01400D54BF8 /* geometry.h in Headers */,
				192B26931C60503E00F532C7 /* logutil.h in Headers */,
				1907FB9C1C659A5B0039D01B /* shaderloader.h in Headers */,
				196FC32E1C4D8E7300F9AEC4 /* quaternion.h in Headers */,
				196FC37C1C4D8FBE00F9AEC4 /* texture.h in Headers */,
				1920E19C1C55864F0087D330 /* scene.h in Headers */,
				192B26941C60503E00F532C7 /* strutil.h in Headers */,
				196FC3741C4D8FBE00F9AEC4 /* mesh.h in Headers */,
				1920E19D1C55864F0087D330 /* spatial.h in Headers */,
				1920E1B11C5589590087D330 /* texture2d.h in Headers */,
				196FC3301C4D8E7300F9AEC4 /* transform.h in Headers */,
				196167461C599FFB00D54BF8 /* objloader.h in Headers */,
				196FC3701C4D8FBE00F9AEC4 /* pointlight.h in Headers */,
				196167451C599FFB00D54BF8 /* loadableobject.h in Headers */,
				196FC3751C4D8FBE00F9AEC4 /* mesh_util.h in Headers */,
				196FC36B1C4D8FBE00F9AEC4 /* enums.h in Headers */,
				196FC36A1C4D8FBE00F9AEC4 /* constants.h in Headers */,
				196FC36C1C4D8FBE00F9AEC4 /* environment.h in Headers */,
				196FC3281C4D8E7300F9AEC4 /* apexmath.h in Headers */,
				196FC3691C4D8FBE00F9AEC4 /* camera.h in Headers */,
				196FC3801C4D8FBE00F9AEC4 /* vertexattributes.h in Headers */,
				196FC3291C4D8E7300F9AEC4 /* boundingbox.h in Headers */,
				1920E1A91C55867F0087D330 /* stb_image.h in Headers */,
				1961673F1C599FC900D54BF8 /* engine.h in Headers */,
				1907FBA11C659C780039D01B /* shaderlib.h in Headers */,
				196FC37B1C4D8FBE00F9AEC4 /* shader_util.h in Headers */,
				1920E1961C55863A0087D330 /* shadermanager.h in Headers */,
				196FC3721C4D8FBE00F9AEC4 /* material.h in Headers */,
				196FC32F1C4D8E7300F9AEC4 /* ray.h in Headers */,
				196FC3341C4D8E7300F9AEC4 /* vector3f.h in Headers */,
				196167441C599FFB00D54BF8 /* assetinfo.h in Headers */,
				196FC36E1C4D8FBE00F9AEC4 /* lightsource.h in Headers */,
				196FC3321C4D8E7300F9AEC4 /* vector2f.h in Headers */,
			);
			runOnlyForDeploymentPostprocessing = 0;
		};
/* End PBXHeadersBuildPhase section */

/* Begin PBXNativeTarget section */
		196FC2E91C4D8E5B00F9AEC4 /* apexengine */ = {
			isa = PBXNativeTarget;
			buildConfigurationList = 196FC2F51C4D8E5B00F9AEC4 /* Build configuration list for PBXNativeTarget "apexengine" */;
			buildPhases = (
				196FC2E61C4D8E5B00F9AEC4 /* Sources */,
				196FC2E71C4D8E5B00F9AEC4 /* Frameworks */,
				196FC2E81C4D8E5B00F9AEC4 /* Headers */,
			);
			buildRules = (
			);
			dependencies = (
			);
			name = apexengine;
			productName = apexengine;
			productReference = 196FC2EA1C4D8E5B00F9AEC4 /* libapexengine.a */;
			productType = "com.apple.product-type.library.static";
		};
/* End PBXNativeTarget section */

/* Begin PBXProject section */
		196FC2E21C4D8E5B00F9AEC4 /* Project object */ = {
			isa = PBXProject;
			attributes = {
				LastUpgradeCheck = 0720;
				ORGANIZATIONNAME = "Andrew MacDonald";
				TargetAttributes = {
					196FC2E91C4D8E5B00F9AEC4 = {
						CreatedOnToolsVersion = 7.2;
					};
				};
			};
			buildConfigurationList = 196FC2E51C4D8E5B00F9AEC4 /* Build configuration list for PBXProject "apexengine" */;
			compatibilityVersion = "Xcode 3.2";
			developmentRegion = English;
			hasScannedForEncodings = 0;
			knownRegions = (
				en,
			);
			mainGroup = 196FC2E11C4D8E5B00F9AEC4;
			productRefGroup = 196FC2EB1C4D8E5B00F9AEC4 /* Products */;
			projectDirPath = "";
			projectRoot = "";
			targets = (
				196FC2E91C4D8E5B00F9AEC4 /* apexengine */,
			);
		};
/* End PBXProject section */

/* Begin PBXSourcesBuildPhase section */
		196FC2E61C4D8E5B00F9AEC4 /* Sources */ = {
			isa = PBXSourcesBuildPhase;
			buildActionMask = 2147483647;
			files = (
				1920E1951C55863A0087D330 /* shadermanager.cpp in Sources */,
				1920E1AB1C55892A0087D330 /* boundingbox.cpp in Sources */,
				196FC3711C4D8FBE00F9AEC4 /* material.cpp in Sources */,
				196FC3331C4D8E7300F9AEC4 /* vector3f.cpp in Sources */,
				196FC36F1C4D8FBE00F9AEC4 /* pointlight.cpp in Sources */,
				1907FB8E1C659A420039D01B /* open.cpp in Sources */,
				1907FB8F1C659A420039D01B /* pcall.cpp in Sources */,
				1907FB9B1C659A5B0039D01B /* shaderloader.cpp in Sources */,
				1920E1A61C55867F0087D330 /* assetmanager.cpp in Sources */,
				1907FB8B1C659A420039D01B /* inheritance.cpp in Sources */,
				196FC3791C4D8FBE00F9AEC4 /* shader.cpp in Sources */,
				196FC37F1C4D8FBE00F9AEC4 /* vertexattributes.cpp in Sources */,
				196FC3311C4D8E7300F9AEC4 /* vector2f.cpp in Sources */,
				196167491C59A01400D54BF8 /* geometry.cpp in Sources */,
				1907FB851C659A420039D01B /* class_registry.cpp in Sources */,
				1907FB891C659A420039D01B /* exception_handler.cpp in Sources */,
				1907FBA01C659C780039D01B /* shaderlib.cpp in Sources */,
				192B26861C604F9000F532C7 /* matrix_util.cpp in Sources */,
				1907FB8C1C659A420039D01B /* link_compatibility.cpp in Sources */,
				1907FB921C659A420039D01B /* weak_ref.cpp in Sources */,
				1907FB881C659A420039D01B /* error.cpp in Sources */,
				196FC3351C4D8E7300F9AEC4 /* vector4f.cpp in Sources */,
				196FC3771C4D8FBE00F9AEC4 /* rendermanager.cpp in Sources */,
				1907FB931C659A420039D01B /* wrapper_base.cpp in Sources */,
				1907FB8D1C659A420039D01B /* object_rep.cpp in Sources */,
				1920E1B01C5589590087D330 /* texture2d.cpp in Sources */,
				192B26921C60503E00F532C7 /* logutil.cpp in Sources */,
				1907FB871C659A420039D01B /* create_class.cpp in Sources */,
				1907FB861C659A420039D01B /* class_rep.cpp in Sources */,
				192B26811C604D8100F532C7 /* node.cpp in Sources */,
				1907FB841C659A420039D01B /* class_info.cpp in Sources */,
				1907FB831C659A420039D01B /* class.cpp in Sources */,
				1907FB901C659A420039D01B /* scope.cpp in Sources */,
				1907FB8A1C659A420039D01B /* function.cpp in Sources */,
				1907FB911C659A420039D01B /* stack_content_by_name.cpp in Sources */,
				192B26821C604D8100F532C7 /* spatial.cpp in Sources */,
				192B267B1C604D6700F532C7 /* textureloader.cpp in Sources */,
				1920E1AF1C5589590087D330 /* texture.cpp in Sources */,
				196FC32A1C4D8E7300F9AEC4 /* math_util.cpp in Sources */,
				192B267E1C604D7000F532C7 /* objloader.cpp in Sources */,
				196FC3731C4D8FBE00F9AEC4 /* mesh.cpp in Sources */,
			);
			runOnlyForDeploymentPostprocessing = 0;
		};
/* End PBXSourcesBuildPhase section */

/* Begin XCBuildConfiguration section */
		196FC2F31C4D8E5B00F9AEC4 /* Debug */ = {
			isa = XCBuildConfiguration;
			buildSettings = {
				ALWAYS_SEARCH_USER_PATHS = NO;
				CLANG_CXX_LANGUAGE_STANDARD = "gnu++0x";
				CLANG_CXX_LIBRARY = "libc++";
				CLANG_ENABLE_MODULES = YES;
				CLANG_ENABLE_OBJC_ARC = YES;
				CLANG_WARN_BOOL_CONVERSION = YES;
				CLANG_WARN_CONSTANT_CONVERSION = YES;
				CLANG_WARN_DIRECT_OBJC_ISA_USAGE = YES_ERROR;
				CLANG_WARN_EMPTY_BODY = YES;
				CLANG_WARN_ENUM_CONVERSION = YES;
				CLANG_WARN_INT_CONVERSION = YES;
				CLANG_WARN_OBJC_ROOT_CLASS = YES_ERROR;
				CLANG_WARN_UNREACHABLE_CODE = YES;
				CLANG_WARN__DUPLICATE_METHOD_MATCH = YES;
				CODE_SIGN_IDENTITY = "-";
				COPY_PHASE_STRIP = NO;
				DEBUG_INFORMATION_FORMAT = dwarf;
				ENABLE_STRICT_OBJC_MSGSEND = YES;
				ENABLE_TESTABILITY = YES;
				GCC_C_LANGUAGE_STANDARD = gnu99;
				GCC_DYNAMIC_NO_PIC = NO;
				GCC_NO_COMMON_BLOCKS = YES;
				GCC_OPTIMIZATION_LEVEL = 0;
				GCC_PREPROCESSOR_DEFINITIONS = (
					"DEBUG=1",
					"$(inherited)",
				);
				GCC_WARN_64_TO_32_BIT_CONVERSION = YES;
				GCC_WARN_ABOUT_RETURN_TYPE = YES_ERROR;
				GCC_WARN_UNDECLARED_SELECTOR = YES;
				GCC_WARN_UNINITIALIZED_AUTOS = YES_AGGRESSIVE;
				GCC_WARN_UNUSED_FUNCTION = YES;
				GCC_WARN_UNUSED_VARIABLE = YES;
				MACOSX_DEPLOYMENT_TARGET = 10.11;
				MTL_ENABLE_DEBUG_INFO = YES;
				ONLY_ACTIVE_ARCH = YES;
				SDKROOT = macosx;
			};
			name = Debug;
		};
		196FC2F41C4D8E5B00F9AEC4 /* Release */ = {
			isa = XCBuildConfiguration;
			buildSettings = {
				ALWAYS_SEARCH_USER_PATHS = NO;
				CLANG_CXX_LANGUAGE_STANDARD = "gnu++0x";
				CLANG_CXX_LIBRARY = "libc++";
				CLANG_ENABLE_MODULES = YES;
				CLANG_ENABLE_OBJC_ARC = YES;
				CLANG_WARN_BOOL_CONVERSION = YES;
				CLANG_WARN_CONSTANT_CONVERSION = YES;
				CLANG_WARN_DIRECT_OBJC_ISA_USAGE = YES_ERROR;
				CLANG_WARN_EMPTY_BODY = YES;
				CLANG_WARN_ENUM_CONVERSION = YES;
				CLANG_WARN_INT_CONVERSION = YES;
				CLANG_WARN_OBJC_ROOT_CLASS = YES_ERROR;
				CLANG_WARN_UNREACHABLE_CODE = YES;
				CLANG_WARN__DUPLICATE_METHOD_MATCH = YES;
				CODE_SIGN_IDENTITY = "-";
				COPY_PHASE_STRIP = NO;
				DEBUG_INFORMATION_FORMAT = "dwarf-with-dsym";
				ENABLE_NS_ASSERTIONS = NO;
				ENABLE_STRICT_OBJC_MSGSEND = YES;
				GCC_C_LANGUAGE_STANDARD = gnu99;
				GCC_NO_COMMON_BLOCKS = YES;
				GCC_WARN_64_TO_32_BIT_CONVERSION = YES;
				GCC_WARN_ABOUT_RETURN_TYPE = YES_ERROR;
				GCC_WARN_UNDECLARED_SELECTOR = YES;
				GCC_WARN_UNINITIALIZED_AUTOS = YES_AGGRESSIVE;
				GCC_WARN_UNUSED_FUNCTION = YES;
				GCC_WARN_UNUSED_VARIABLE = YES;
				MACOSX_DEPLOYMENT_TARGET = 10.11;
				MTL_ENABLE_DEBUG_INFO = NO;
				SDKROOT = macosx;
			};
			name = Release;
		};
		196FC2F61C4D8E5B00F9AEC4 /* Debug */ = {
			isa = XCBuildConfiguration;
			buildSettings = {
				ALWAYS_SEARCH_USER_PATHS = YES;
				ARCHS = "$(ARCHS_STANDARD_32_64_BIT)";
				EXECUTABLE_PREFIX = lib;
				GCC_ENABLE_CPP_EXCEPTIONS = YES;
				GCC_ENABLE_CPP_RTTI = YES;
				HEADER_SEARCH_PATHS = (
					"$(SRCROOT)/../../includes/Lua/**",
					"$(SRCROOT)/../../includes/**",
				);
				LIBRARY_SEARCH_PATHS = ../libs/osx/;
				MACOSX_DEPLOYMENT_TARGET = 10.7;
				PRODUCT_NAME = "$(TARGET_NAME)";
				USER_HEADER_SEARCH_PATHS = "";
			};
			name = Debug;
		};
		196FC2F71C4D8E5B00F9AEC4 /* Release */ = {
			isa = XCBuildConfiguration;
			buildSettings = {
				ALWAYS_SEARCH_USER_PATHS = YES;
				ARCHS = "$(ARCHS_STANDARD_32_64_BIT)";
				EXECUTABLE_PREFIX = lib;
				GCC_ENABLE_CPP_EXCEPTIONS = YES;
				GCC_ENABLE_CPP_RTTI = YES;
				HEADER_SEARCH_PATHS = (
					"$(SRCROOT)/../../includes/Lua/**",
					"$(SRCROOT)/../../includes/**",
				);
				LIBRARY_SEARCH_PATHS = ../libs/osx/;
				MACOSX_DEPLOYMENT_TARGET = 10.7;
				PRODUCT_NAME = "$(TARGET_NAME)";
				USER_HEADER_SEARCH_PATHS = "";
			};
			name = Release;
		};
/* End XCBuildConfiguration section */

/* Begin XCConfigurationList section */
		196FC2E51C4D8E5B00F9AEC4 /* Build configuration list for PBXProject "apexengine" */ = {
			isa = XCConfigurationList;
			buildConfigurations = (
				196FC2F31C4D8E5B00F9AEC4 /* Debug */,
				196FC2F41C4D8E5B00F9AEC4 /* Release */,
			);
			defaultConfigurationIsVisible = 0;
			defaultConfigurationName = Release;
		};
		196FC2F51C4D8E5B00F9AEC4 /* Build configuration list for PBXNativeTarget "apexengine" */ = {
			isa = XCConfigurationList;
			buildConfigurations = (
				196FC2F61C4D8E5B00F9AEC4 /* Debug */,
				196FC2F71C4D8E5B00F9AEC4 /* Release */,
			);
			defaultConfigurationIsVisible = 0;
			defaultConfigurationName = Release;
		};
/* End XCConfigurationList section */
	};
	rootObject = 196FC2E21C4D8E5B00F9AEC4 /* Project object */;
}
